
Microsoft Visual Studio Solution File, Format Version 12.00
# Visual Studio Version 16
VisualStudioVersion = 16.0.30204.135
MinimumVisualStudioVersion = 10.0.40219.1
Project("{FAE04EC0-301F-11D3-BF4B-00C04F79EFBC}") = "Week2Assignments", "Week2Assignments\Week2Assignments.csproj", "{8B2E7E26-46E5-4FAC-8E37-357F040A9787}"
EndProject
Global
	GlobalSection(SolutionConfigurationPlatforms) = preSolution
		Debug|Any CPU = Debug|Any CPU
		Release|Any CPU = Release|Any CPU
	EndGlobalSection
	GlobalSection(ProjectConfigurationPlatforms) = postSolution
		{8B2E7E26-46E5-4FAC-8E37-357F040A9787}.Debug|Any CPU.ActiveCfg = Debug|Any CPU
		{8B2E7E26-46E5-4FAC-8E37-357F040A9787}.Debug|Any CPU.Build.0 = Debug|Any CPU
		{8B2E7E26-46E5-4FAC-8E37-357F040A9787}.Release|Any CPU.ActiveCfg = Release|Any CPU
		{8B2E7E26-46E5-4FAC-8E37-357F040A9787}.Release|Any CPU.Build.0 = Release|Any CPU
	EndGlobalSection
	GlobalSection(SolutionProperties) = preSolution
		HideSolutionNode = FALSE
	EndGlobalSection
	GlobalSection(ExtensibilityGlobals) = postSolution
		SolutionGuid = {FD717D2E-77DC-40D9-9F4C-4D72F7E6080C}
	EndGlobalSection
EndGlobal
